
Microsoft Visual Studio Solution File, Format Version 12.00
# Visual Studio Version 16
VisualStudioVersion = 16.6.30114.105
MinimumVisualStudioVersion = 10.0.40219.1
Project("{2150E333-8FDC-42A3-9474-1A3956D46DE8}") = "1-Api", "1-Api", "{78866D37-29FA-4C8F-B785-3D3E10DC692B}"
EndProject
Project("{9A19103F-16F7-4668-BE54-9A1E7A4F7556}") = "WebMotors.Api", "1-Api\WebMotors.Api\WebMotors.Api.csproj", "{12570A91-9563-425B-83B4-154FD4F5BF52}"
EndProject
Project("{2150E333-8FDC-42A3-9474-1A3956D46DE8}") = "2-Domain", "2-Domain", "{7327189B-8FEC-4FAC-9230-735F687C5CFF}"
EndProject
Project("{9A19103F-16F7-4668-BE54-9A1E7A4F7556}") = "WebMotors.Domain", "2-Domain\WebMotors.Domain\WebMotors.Domain.csproj", "{70CCC766-0B68-4952-A9D3-8592185B8486}"
EndProject
Project("{2150E333-8FDC-42A3-9474-1A3956D46DE8}") = "3-Infra", "3-Infra", "{39277E65-71C1-4FF5-9077-703BA848EB56}"
EndProject
Project("{9A19103F-16F7-4668-BE54-9A1E7A4F7556}") = "WebMotors.Infra", "3-Infra\WebMotors.Infra\WebMotors.Infra.csproj", "{0B08D77E-D07D-42BE-A8B9-92CBAE3AA5C7}"
EndProject
Project("{2150E333-8FDC-42A3-9474-1A3956D46DE8}") = "4-Shared", "4-Shared", "{4894A165-F80A-4A19-8DFE-F7732356F6AA}"
EndProject
Project("{9A19103F-16F7-4668-BE54-9A1E7A4F7556}") = "WebMotors.Shared", "4-Shared\WebMotors.Shared\WebMotors.Shared.csproj", "{1B020529-DCF5-4738-9E85-F95549CB86B4}"
EndProject
Project("{2150E333-8FDC-42A3-9474-1A3956D46DE8}") = "5-Test", "5-Test", "{895755D4-63FF-494E-A0B6-A7FB03577790}"
EndProject
Project("{9A19103F-16F7-4668-BE54-9A1E7A4F7556}") = "WebMotors.Test", "5-Test\WebMotors.Test\WebMotors.Test.csproj", "{6AD93E0C-5F5C-45BF-B614-92FCA03503F7}"
EndProject
Global
	GlobalSection(SolutionConfigurationPlatforms) = preSolution
		Debug|Any CPU = Debug|Any CPU
		Debug|x64 = Debug|x64
		Debug|x86 = Debug|x86
		Release|Any CPU = Release|Any CPU
		Release|x64 = Release|x64
		Release|x86 = Release|x86
	EndGlobalSection
	GlobalSection(ProjectConfigurationPlatforms) = postSolution
		{12570A91-9563-425B-83B4-154FD4F5BF52}.Debug|Any CPU.ActiveCfg = Debug|Any CPU
		{12570A91-9563-425B-83B4-154FD4F5BF52}.Debug|Any CPU.Build.0 = Debug|Any CPU
		{12570A91-9563-425B-83B4-154FD4F5BF52}.Debug|x64.ActiveCfg = Debug|Any CPU
		{12570A91-9563-425B-83B4-154FD4F5BF52}.Debug|x64.Build.0 = Debug|Any CPU
		{12570A91-9563-425B-83B4-154FD4F5BF52}.Debug|x86.ActiveCfg = Debug|Any CPU
		{12570A91-9563-425B-83B4-154FD4F5BF52}.Debug|x86.Build.0 = Debug|Any CPU
		{12570A91-9563-425B-83B4-154FD4F5BF52}.Release|Any CPU.ActiveCfg = Release|Any CPU
		{12570A91-9563-425B-83B4-154FD4F5BF52}.Release|Any CPU.Build.0 = Release|Any CPU
		{12570A91-9563-425B-83B4-154FD4F5BF52}.Release|x64.ActiveCfg = Release|Any CPU
		{12570A91-9563-425B-83B4-154FD4F5BF52}.Release|x64.Build.0 = Release|Any CPU
		{12570A91-9563-425B-83B4-154FD4F5BF52}.Release|x86.ActiveCfg = Release|Any CPU
		{12570A91-9563-425B-83B4-154FD4F5BF52}.Release|x86.Build.0 = Release|Any CPU
		{70CCC766-0B68-4952-A9D3-8592185B8486}.Debug|Any CPU.ActiveCfg = Debug|Any CPU
		{70CCC766-0B68-4952-A9D3-8592185B8486}.Debug|Any CPU.Build.0 = Debug|Any CPU
		{70CCC766-0B68-4952-A9D3-8592185B8486}.Debug|x64.ActiveCfg = Debug|Any CPU
		{70CCC766-0B68-4952-A9D3-8592185B8486}.Debug|x64.Build.0 = Debug|Any CPU
		{70CCC766-0B68-4952-A9D3-8592185B8486}.Debug|x86.ActiveCfg = Debug|Any CPU
		{70CCC766-0B68-4952-A9D3-8592185B8486}.Debug|x86.Build.0 = Debug|Any CPU
		{70CCC766-0B68-4952-A9D3-8592185B8486}.Release|Any CPU.ActiveCfg = Release|Any CPU
		{70CCC766-0B68-4952-A9D3-8592185B8486}.Release|Any CPU.Build.0 = Release|Any CPU
		{70CCC766-0B68-4952-A9D3-8592185B8486}.Release|x64.ActiveCfg = Release|Any CPU
		{70CCC766-0B68-4952-A9D3-8592185B8486}.Release|x64.Build.0 = Release|Any CPU
		{70CCC766-0B68-4952-A9D3-8592185B8486}.Release|x86.ActiveCfg = Release|Any CPU
		{70CCC766-0B68-4952-A9D3-8592185B8486}.Release|x86.Build.0 = Release|Any CPU
		{0B08D77E-D07D-42BE-A8B9-92CBAE3AA5C7}.Debug|Any CPU.ActiveCfg = Debug|Any CPU
		{0B08D77E-D07D-42BE-A8B9-92CBAE3AA5C7}.Debug|Any CPU.Build.0 = Debug|Any CPU
		{0B08D77E-D07D-42BE-A8B9-92CBAE3AA5C7}.Debug|x64.ActiveCfg = Debug|Any CPU
		{0B08D77E-D07D-42BE-A8B9-92CBAE3AA5C7}.Debug|x64.Build.0 = Debug|Any CPU
		{0B08D77E-D07D-42BE-A8B9-92CBAE3AA5C7}.Debug|x86.ActiveCfg = Debug|Any CPU
		{0B08D77E-D07D-42BE-A8B9-92CBAE3AA5C7}.Debug|x86.Build.0 = Debug|Any CPU
		{0B08D77E-D07D-42BE-A8B9-92CBAE3AA5C7}.Release|Any CPU.ActiveCfg = Release|Any CPU
		{0B08D77E-D07D-42BE-A8B9-92CBAE3AA5C7}.Release|Any CPU.Build.0 = Release|Any CPU
		{0B08D77E-D07D-42BE-A8B9-92CBAE3AA5C7}.Release|x64.ActiveCfg = Release|Any CPU
		{0B08D77E-D07D-42BE-A8B9-92CBAE3AA5C7}.Release|x64.Build.0 = Release|Any CPU
		{0B08D77E-D07D-42BE-A8B9-92CBAE3AA5C7}.Release|x86.ActiveCfg = Release|Any CPU
		{0B08D77E-D07D-42BE-A8B9-92CBAE3AA5C7}.Release|x86.Build.0 = Release|Any CPU
		{1B020529-DCF5-4738-9E85-F95549CB86B4}.Debug|Any CPU.ActiveCfg = Debug|Any CPU
		{1B020529-DCF5-4738-9E85-F95549CB86B4}.Debug|Any CPU.Build.0 = Debug|Any CPU
		{1B020529-DCF5-4738-9E85-F95549CB86B4}.Debug|x64.ActiveCfg = Debug|Any CPU
		{1B020529-DCF5-4738-9E85-F95549CB86B4}.Debug|x64.Build.0 = Debug|Any CPU
		{1B020529-DCF5-4738-9E85-F95549CB86B4}.Debug|x86.ActiveCfg = Debug|Any CPU
		{1B020529-DCF5-4738-9E85-F95549CB86B4}.Debug|x86.Build.0 = Debug|Any CPU
		{1B020529-DCF5-4738-9E85-F95549CB86B4}.Release|Any CPU.ActiveCfg = Release|Any CPU
		{1B020529-DCF5-4738-9E85-F95549CB86B4}.Release|Any CPU.Build.0 = Release|Any CPU
		{1B020529-DCF5-4738-9E85-F95549CB86B4}.Release|x64.ActiveCfg = Release|Any CPU
		{1B020529-DCF5-4738-9E85-F95549CB86B4}.Release|x64.Build.0 = Release|Any CPU
		{1B020529-DCF5-4738-9E85-F95549CB86B4}.Release|x86.ActiveCfg = Release|Any CPU
		{1B020529-DCF5-4738-9E85-F95549CB86B4}.Release|x86.Build.0 = Release|Any CPU
		{6AD93E0C-5F5C-45BF-B614-92FCA03503F7}.Debug|Any CPU.ActiveCfg = Debug|Any CPU
		{6AD93E0C-5F5C-45BF-B614-92FCA03503F7}.Debug|Any CPU.Build.0 = Debug|Any CPU
		{6AD93E0C-5F5C-45BF-B614-92FCA03503F7}.Debug|x64.ActiveCfg = Debug|Any CPU
		{6AD93E0C-5F5C-45BF-B614-92FCA03503F7}.Debug|x64.Build.0 = Debug|Any CPU
		{6AD93E0C-5F5C-45BF-B614-92FCA03503F7}.Debug|x86.ActiveCfg = Debug|Any CPU
		{6AD93E0C-5F5C-45BF-B614-92FCA03503F7}.Debug|x86.Build.0 = Debug|Any CPU
		{6AD93E0C-5F5C-45BF-B614-92FCA03503F7}.Release|Any CPU.ActiveCfg = Release|Any CPU
		{6AD93E0C-5F5C-45BF-B614-92FCA03503F7}.Release|Any CPU.Build.0 = Release|Any CPU
		{6AD93E0C-5F5C-45BF-B614-92FCA03503F7}.Release|x64.ActiveCfg = Release|Any CPU
		{6AD93E0C-5F5C-45BF-B614-92FCA03503F7}.Release|x64.Build.0 = Release|Any CPU
		{6AD93E0C-5F5C-45BF-B614-92FCA03503F7}.Release|x86.ActiveCfg = Release|Any CPU
		{6AD93E0C-5F5C-45BF-B614-92FCA03503F7}.Release|x86.Build.0 = Release|Any CPU
	EndGlobalSection
	GlobalSection(SolutionProperties) = preSolution
		HideSolutionNode = FALSE
	EndGlobalSection
	GlobalSection(NestedProjects) = preSolution
		{12570A91-9563-425B-83B4-154FD4F5BF52} = {78866D37-29FA-4C8F-B785-3D3E10DC692B}
		{70CCC766-0B68-4952-A9D3-8592185B8486} = {7327189B-8FEC-4FAC-9230-735F687C5CFF}
		{0B08D77E-D07D-42BE-A8B9-92CBAE3AA5C7} = {39277E65-71C1-4FF5-9077-703BA848EB56}
		{1B020529-DCF5-4738-9E85-F95549CB86B4} = {4894A165-F80A-4A19-8DFE-F7732356F6AA}
		{6AD93E0C-5F5C-45BF-B614-92FCA03503F7} = {895755D4-63FF-494E-A0B6-A7FB03577790}
	EndGlobalSection
	GlobalSection(ExtensibilityGlobals) = postSolution
		SolutionGuid = {CECD249C-5DCA-4D6F-A3F4-FA47035CCE73}
	EndGlobalSection
EndGlobal
